
Microsoft Visual Studio Solution File, Format Version 12.00
# Visual Studio 15
VisualStudioVersion = 15.0.27703.2042
MinimumVisualStudioVersion = 10.0.40219.1
Project("{9A19103F-16F7-4668-BE54-9A1E7A4F7556}") = "ExamRef70483", "HelloWorld\ExamRef70483.csproj", "{7A211613-4781-4550-889F-6E3964439483}"
EndProject
Global
	GlobalSection(SolutionConfigurationPlatforms) = preSolution
		Debug|Any CPU = Debug|Any CPU
		Release|Any CPU = Release|Any CPU
	EndGlobalSection
	GlobalSection(ProjectConfigurationPlatforms) = postSolution
		{7A211613-4781-4550-889F-6E3964439483}.Debug|Any CPU.ActiveCfg = Debug|Any CPU
		{7A211613-4781-4550-889F-6E3964439483}.Debug|Any CPU.Build.0 = Debug|Any CPU
		{7A211613-4781-4550-889F-6E3964439483}.Release|Any CPU.ActiveCfg = Release|Any CPU
		{7A211613-4781-4550-889F-6E3964439483}.Release|Any CPU.Build.0 = Release|Any CPU
	EndGlobalSection
	GlobalSection(SolutionProperties) = preSolution
		HideSolutionNode = FALSE
	EndGlobalSection
	GlobalSection(ExtensibilityGlobals) = postSolution
		SolutionGuid = {5EE3441F-4099-46E4-997C-1FB467AD4195}
	EndGlobalSection
EndGlobal
